
Microsoft Visual Studio Solution File, Format Version 12.00
# Visual Studio Version 17
VisualStudioVersion = 17.5.002.0
MinimumVisualStudioVersion = 10.0.40219.1
Project("{2150E333-8FDC-42A3-9474-1A3956D46DE8}") = "WarmUp", "WarmUp", "{3D822130-E16C-4CC7-A2D7-048D34FF8CAB}"
EndProject
Project("{FAE04EC0-301F-11D3-BF4B-00C04F79EFBC}") = "CaseA", "WarmUp\CaseA\CaseA.csproj", "{F39310F6-C1F1-48A7-8011-D3470314753C}"
EndProject
Project("{FAE04EC0-301F-11D3-BF4B-00C04F79EFBC}") = "CaseB", "WarmUp\CaseB\CaseB.csproj", "{81BCEF97-D722-4700-93ED-6DC00153B99B}"
EndProject
Project("{FAE04EC0-301F-11D3-BF4B-00C04F79EFBC}") = "CaseC", "WarmUp\CaseC\CaseC.csproj", "{6BF27DEB-EF90-4C9C-858E-84A4DC809C19}"
EndProject
Project("{FAE04EC0-301F-11D3-BF4B-00C04F79EFBC}") = "CaseD", "WarmUp\CaseD\CaseD.csproj", "{312459B6-5F50-49B5-8991-9EAEB07FDA3F}"
EndProject
Project("{FAE04EC0-301F-11D3-BF4B-00C04F79EFBC}") = "CaseE", "WarmUp\CaseE\CaseE.csproj", "{BA49C2E0-D1A2-447E-B717-93BDE28F9122}"
EndProject
Project("{2150E333-8FDC-42A3-9474-1A3956D46DE8}") = "Sorting", "Sorting", "{B3D8F12C-42FA-4F7C-B64D-2EABAE5FE287}"
EndProject
Project("{FAE04EC0-301F-11D3-BF4B-00C04F79EFBC}") = "CaseA", "CaseA\CaseA.csproj", "{E01A6358-64C9-4178-94C2-E0D053166EFC}"
EndProject
Global
	GlobalSection(SolutionProperties) = preSolution
		HideSolutionNode = FALSE
	EndGlobalSection
	GlobalSection(ExtensibilityGlobals) = postSolution
		SolutionGuid = {20FA64E4-EF31-49A1-A747-8637D3AA3A88}
	EndGlobalSection
	GlobalSection(SolutionConfigurationPlatforms) = preSolution
		Debug|Any CPU = Debug|Any CPU
		Debug|x64 = Debug|x64
		Debug|x86 = Debug|x86
		Release|Any CPU = Release|Any CPU
		Release|x64 = Release|x64
		Release|x86 = Release|x86
	EndGlobalSection
	GlobalSection(ProjectConfigurationPlatforms) = postSolution
		{F39310F6-C1F1-48A7-8011-D3470314753C}.Debug|Any CPU.ActiveCfg = Debug|Any CPU
		{F39310F6-C1F1-48A7-8011-D3470314753C}.Debug|Any CPU.Build.0 = Debug|Any CPU
		{F39310F6-C1F1-48A7-8011-D3470314753C}.Debug|x64.ActiveCfg = Debug|Any CPU
		{F39310F6-C1F1-48A7-8011-D3470314753C}.Debug|x64.Build.0 = Debug|Any CPU
		{F39310F6-C1F1-48A7-8011-D3470314753C}.Debug|x86.ActiveCfg = Debug|Any CPU
		{F39310F6-C1F1-48A7-8011-D3470314753C}.Debug|x86.Build.0 = Debug|Any CPU
		{F39310F6-C1F1-48A7-8011-D3470314753C}.Release|Any CPU.ActiveCfg = Release|Any CPU
		{F39310F6-C1F1-48A7-8011-D3470314753C}.Release|Any CPU.Build.0 = Release|Any CPU
		{F39310F6-C1F1-48A7-8011-D3470314753C}.Release|x64.ActiveCfg = Release|Any CPU
		{F39310F6-C1F1-48A7-8011-D3470314753C}.Release|x64.Build.0 = Release|Any CPU
		{F39310F6-C1F1-48A7-8011-D3470314753C}.Release|x86.ActiveCfg = Release|Any CPU
		{F39310F6-C1F1-48A7-8011-D3470314753C}.Release|x86.Build.0 = Release|Any CPU
		{81BCEF97-D722-4700-93ED-6DC00153B99B}.Debug|Any CPU.ActiveCfg = Debug|Any CPU
		{81BCEF97-D722-4700-93ED-6DC00153B99B}.Debug|Any CPU.Build.0 = Debug|Any CPU
		{81BCEF97-D722-4700-93ED-6DC00153B99B}.Debug|x64.ActiveCfg = Debug|Any CPU
		{81BCEF97-D722-4700-93ED-6DC00153B99B}.Debug|x64.Build.0 = Debug|Any CPU
		{81BCEF97-D722-4700-93ED-6DC00153B99B}.Debug|x86.ActiveCfg = Debug|Any CPU
		{81BCEF97-D722-4700-93ED-6DC00153B99B}.Debug|x86.Build.0 = Debug|Any CPU
		{81BCEF97-D722-4700-93ED-6DC00153B99B}.Release|Any CPU.ActiveCfg = Release|Any CPU
		{81BCEF97-D722-4700-93ED-6DC00153B99B}.Release|Any CPU.Build.0 = Release|Any CPU
		{81BCEF97-D722-4700-93ED-6DC00153B99B}.Release|x64.ActiveCfg = Release|Any CPU
		{81BCEF97-D722-4700-93ED-6DC00153B99B}.Release|x64.Build.0 = Release|Any CPU
		{81BCEF97-D722-4700-93ED-6DC00153B99B}.Release|x86.ActiveCfg = Release|Any CPU
		{81BCEF97-D722-4700-93ED-6DC00153B99B}.Release|x86.Build.0 = Release|Any CPU
		{6BF27DEB-EF90-4C9C-858E-84A4DC809C19}.Debug|Any CPU.ActiveCfg = Debug|Any CPU
		{6BF27DEB-EF90-4C9C-858E-84A4DC809C19}.Debug|Any CPU.Build.0 = Debug|Any CPU
		{6BF27DEB-EF90-4C9C-858E-84A4DC809C19}.Debug|x64.ActiveCfg = Debug|Any CPU
		{6BF27DEB-EF90-4C9C-858E-84A4DC809C19}.Debug|x64.Build.0 = Debug|Any CPU
		{6BF27DEB-EF90-4C9C-858E-84A4DC809C19}.Debug|x86.ActiveCfg = Debug|Any CPU
		{6BF27DEB-EF90-4C9C-858E-84A4DC809C19}.Debug|x86.Build.0 = Debug|Any CPU
		{6BF27DEB-EF90-4C9C-858E-84A4DC809C19}.Release|Any CPU.ActiveCfg = Release|Any CPU
		{6BF27DEB-EF90-4C9C-858E-84A4DC809C19}.Release|Any CPU.Build.0 = Release|Any CPU
		{6BF27DEB-EF90-4C9C-858E-84A4DC809C19}.Release|x64.ActiveCfg = Release|Any CPU
		{6BF27DEB-EF90-4C9C-858E-84A4DC809C19}.Release|x64.Build.0 = Release|Any CPU
		{6BF27DEB-EF90-4C9C-858E-84A4DC809C19}.Release|x86.ActiveCfg = Release|Any CPU
		{6BF27DEB-EF90-4C9C-858E-84A4DC809C19}.Release|x86.Build.0 = Release|Any CPU
		{312459B6-5F50-49B5-8991-9EAEB07FDA3F}.Debug|Any CPU.ActiveCfg = Debug|Any CPU
		{312459B6-5F50-49B5-8991-9EAEB07FDA3F}.Debug|Any CPU.Build.0 = Debug|Any CPU
		{312459B6-5F50-49B5-8991-9EAEB07FDA3F}.Debug|x64.ActiveCfg = Debug|Any CPU
		{312459B6-5F50-49B5-8991-9EAEB07FDA3F}.Debug|x64.Build.0 = Debug|Any CPU
		{312459B6-5F50-49B5-8991-9EAEB07FDA3F}.Debug|x86.ActiveCfg = Debug|Any CPU
		{312459B6-5F50-49B5-8991-9EAEB07FDA3F}.Debug|x86.Build.0 = Debug|Any CPU
		{312459B6-5F50-49B5-8991-9EAEB07FDA3F}.Release|Any CPU.ActiveCfg = Release|Any CPU
		{312459B6-5F50-49B5-8991-9EAEB07FDA3F}.Release|Any CPU.Build.0 = Release|Any CPU
		{312459B6-5F50-49B5-8991-9EAEB07FDA3F}.Release|x64.ActiveCfg = Release|Any CPU
		{312459B6-5F50-49B5-8991-9EAEB07FDA3F}.Release|x64.Build.0 = Release|Any CPU
		{312459B6-5F50-49B5-8991-9EAEB07FDA3F}.Release|x86.ActiveCfg = Release|Any CPU
		{312459B6-5F50-49B5-8991-9EAEB07FDA3F}.Release|x86.Build.0 = Release|Any CPU
		{BA49C2E0-D1A2-447E-B717-93BDE28F9122}.Debug|Any CPU.ActiveCfg = Debug|Any CPU
		{BA49C2E0-D1A2-447E-B717-93BDE28F9122}.Debug|Any CPU.Build.0 = Debug|Any CPU
		{BA49C2E0-D1A2-447E-B717-93BDE28F9122}.Debug|x64.ActiveCfg = Debug|Any CPU
		{BA49C2E0-D1A2-447E-B717-93BDE28F9122}.Debug|x64.Build.0 = Debug|Any CPU
		{BA49C2E0-D1A2-447E-B717-93BDE28F9122}.Debug|x86.ActiveCfg = Debug|Any CPU
		{BA49C2E0-D1A2-447E-B717-93BDE28F9122}.Debug|x86.Build.0 = Debug|Any CPU
		{BA49C2E0-D1A2-447E-B717-93BDE28F9122}.Release|Any CPU.ActiveCfg = Release|Any CPU
		{BA49C2E0-D1A2-447E-B717-93BDE28F9122}.Release|Any CPU.Build.0 = Release|Any CPU
		{BA49C2E0-D1A2-447E-B717-93BDE28F9122}.Release|x64.ActiveCfg = Release|Any CPU
		{BA49C2E0-D1A2-447E-B717-93BDE28F9122}.Release|x64.Build.0 = Release|Any CPU
		{BA49C2E0-D1A2-447E-B717-93BDE28F9122}.Release|x86.ActiveCfg = Release|Any CPU
		{BA49C2E0-D1A2-447E-B717-93BDE28F9122}.Release|x86.Build.0 = Release|Any CPU
		{E01A6358-64C9-4178-94C2-E0D053166EFC}.Debug|Any CPU.ActiveCfg = Debug|Any CPU
		{E01A6358-64C9-4178-94C2-E0D053166EFC}.Debug|Any CPU.Build.0 = Debug|Any CPU
		{E01A6358-64C9-4178-94C2-E0D053166EFC}.Debug|x64.ActiveCfg = Debug|Any CPU
		{E01A6358-64C9-4178-94C2-E0D053166EFC}.Debug|x64.Build.0 = Debug|Any CPU
		{E01A6358-64C9-4178-94C2-E0D053166EFC}.Debug|x86.ActiveCfg = Debug|Any CPU
		{E01A6358-64C9-4178-94C2-E0D053166EFC}.Debug|x86.Build.0 = Debug|Any CPU
		{E01A6358-64C9-4178-94C2-E0D053166EFC}.Release|Any CPU.ActiveCfg = Release|Any CPU
		{E01A6358-64C9-4178-94C2-E0D053166EFC}.Release|Any CPU.Build.0 = Release|Any CPU
		{E01A6358-64C9-4178-94C2-E0D053166EFC}.Release|x64.ActiveCfg = Release|Any CPU
		{E01A6358-64C9-4178-94C2-E0D053166EFC}.Release|x64.Build.0 = Release|Any CPU
		{E01A6358-64C9-4178-94C2-E0D053166EFC}.Release|x86.ActiveCfg = Release|Any CPU
		{E01A6358-64C9-4178-94C2-E0D053166EFC}.Release|x86.Build.0 = Release|Any CPU
	EndGlobalSection
	GlobalSection(NestedProjects) = preSolution
		{F39310F6-C1F1-48A7-8011-D3470314753C} = {3D822130-E16C-4CC7-A2D7-048D34FF8CAB}
		{81BCEF97-D722-4700-93ED-6DC00153B99B} = {3D822130-E16C-4CC7-A2D7-048D34FF8CAB}
		{6BF27DEB-EF90-4C9C-858E-84A4DC809C19} = {3D822130-E16C-4CC7-A2D7-048D34FF8CAB}
		{312459B6-5F50-49B5-8991-9EAEB07FDA3F} = {3D822130-E16C-4CC7-A2D7-048D34FF8CAB}
		{BA49C2E0-D1A2-447E-B717-93BDE28F9122} = {3D822130-E16C-4CC7-A2D7-048D34FF8CAB}
		{E01A6358-64C9-4178-94C2-E0D053166EFC} = {B3D8F12C-42FA-4F7C-B64D-2EABAE5FE287}
	EndGlobalSection
EndGlobal
